
Microsoft Visual Studio Solution File, Format Version 12.00
# Visual Studio Version 16
VisualStudioVersion = 16.0.30615.102
MinimumVisualStudioVersion = 10.0.40219.1
Project("{9A19103F-16F7-4668-BE54-9A1E7A4F7556}") = "Nfh", "Nfh\Nfh.csproj", "{8AA8C4F9-63A2-404C-86AC-9FD38AE8DBB6}"
EndProject
Project("{2150E333-8FDC-42A3-9474-1A3956D46DE8}") = "Utility", "Utility", "{BB971088-A62C-4BA0-8F1B-3F5FFA9B5BB0}"
EndProject
Project("{9A19103F-16F7-4668-BE54-9A1E7A4F7556}") = "Steam.Acf", "Steam.Acf\Steam.Acf.csproj", "{D9783034-167E-4B4D-9D2D-569FE065308E}"
EndProject
Project("{9A19103F-16F7-4668-BE54-9A1E7A4F7556}") = "Image.Tga", "Image.Tga\Image.Tga.csproj", "{25FCAF5A-0CEC-4248-B135-AC78C6C954AC}"
EndProject
Project("{9A19103F-16F7-4668-BE54-9A1E7A4F7556}") = "Format.Xml", "Format.Xml\Format.Xml.csproj", "{A2B8CB03-F05A-4D2A-814D-A26B81D6C473}"
EndProject
Project("{9A19103F-16F7-4668-BE54-9A1E7A4F7556}") = "Format.Xml.Tests", "Format.Xml.Tests\Format.Xml.Tests.csproj", "{AAB1799E-E6D7-4C94-A18D-CF3F6F41A35E}"
EndProject
Project("{9A19103F-16F7-4668-BE54-9A1E7A4F7556}") = "Nfh.Domain", "Nfh.Domain\Nfh.Domain.csproj", "{9ECB4B06-F364-4CD8-AADE-8A24BA2CA89D}"
EndProject
Project("{9A19103F-16F7-4668-BE54-9A1E7A4F7556}") = "Nfh.Services", "Nfh.Services\Nfh.Services.csproj", "{544044CC-F912-49AA-B1F7-31DA61B4168A}"
EndProject
Project("{9A19103F-16F7-4668-BE54-9A1E7A4F7556}") = "Nfh.Editor", "Nfh.Editor\Nfh.Editor.csproj", "{CF5422F2-20E9-404C-958A-361D034D1B42}"
EndProject
Project("{9A19103F-16F7-4668-BE54-9A1E7A4F7556}") = "Mvvm.Framework", "Mvvm.Framework\Mvvm.Framework.csproj", "{685BA3C9-3B6F-4F6C-A9CD-D3A83497C8B8}"
EndProject
Project("{FAE04EC0-301F-11D3-BF4B-00C04F79EFBC}") = "Nfh.Dal", "Nfh.Dal\Nfh.Dal.csproj", "{195F84EF-443A-4085-85EE-CEC22272D52C}"
EndProject
Global
	GlobalSection(SolutionConfigurationPlatforms) = preSolution
		Debug|Any CPU = Debug|Any CPU
		Release|Any CPU = Release|Any CPU
	EndGlobalSection
	GlobalSection(ProjectConfigurationPlatforms) = postSolution
		{8AA8C4F9-63A2-404C-86AC-9FD38AE8DBB6}.Debug|Any CPU.ActiveCfg = Debug|Any CPU
		{8AA8C4F9-63A2-404C-86AC-9FD38AE8DBB6}.Debug|Any CPU.Build.0 = Debug|Any CPU
		{8AA8C4F9-63A2-404C-86AC-9FD38AE8DBB6}.Release|Any CPU.ActiveCfg = Release|Any CPU
		{8AA8C4F9-63A2-404C-86AC-9FD38AE8DBB6}.Release|Any CPU.Build.0 = Release|Any CPU
		{D9783034-167E-4B4D-9D2D-569FE065308E}.Debug|Any CPU.ActiveCfg = Debug|Any CPU
		{D9783034-167E-4B4D-9D2D-569FE065308E}.Debug|Any CPU.Build.0 = Debug|Any CPU
		{D9783034-167E-4B4D-9D2D-569FE065308E}.Release|Any CPU.ActiveCfg = Release|Any CPU
		{D9783034-167E-4B4D-9D2D-569FE065308E}.Release|Any CPU.Build.0 = Release|Any CPU
		{25FCAF5A-0CEC-4248-B135-AC78C6C954AC}.Debug|Any CPU.ActiveCfg = Debug|Any CPU
		{25FCAF5A-0CEC-4248-B135-AC78C6C954AC}.Debug|Any CPU.Build.0 = Debug|Any CPU
		{25FCAF5A-0CEC-4248-B135-AC78C6C954AC}.Release|Any CPU.ActiveCfg = Release|Any CPU
		{25FCAF5A-0CEC-4248-B135-AC78C6C954AC}.Release|Any CPU.Build.0 = Release|Any CPU
		{A2B8CB03-F05A-4D2A-814D-A26B81D6C473}.Debug|Any CPU.ActiveCfg = Debug|Any CPU
		{A2B8CB03-F05A-4D2A-814D-A26B81D6C473}.Debug|Any CPU.Build.0 = Debug|Any CPU
		{A2B8CB03-F05A-4D2A-814D-A26B81D6C473}.Release|Any CPU.ActiveCfg = Release|Any CPU
		{A2B8CB03-F05A-4D2A-814D-A26B81D6C473}.Release|Any CPU.Build.0 = Release|Any CPU
		{AAB1799E-E6D7-4C94-A18D-CF3F6F41A35E}.Debug|Any CPU.ActiveCfg = Debug|Any CPU
		{AAB1799E-E6D7-4C94-A18D-CF3F6F41A35E}.Debug|Any CPU.Build.0 = Debug|Any CPU
		{AAB1799E-E6D7-4C94-A18D-CF3F6F41A35E}.Release|Any CPU.ActiveCfg = Release|Any CPU
		{AAB1799E-E6D7-4C94-A18D-CF3F6F41A35E}.Release|Any CPU.Build.0 = Release|Any CPU
		{9ECB4B06-F364-4CD8-AADE-8A24BA2CA89D}.Debug|Any CPU.ActiveCfg = Debug|Any CPU
		{9ECB4B06-F364-4CD8-AADE-8A24BA2CA89D}.Debug|Any CPU.Build.0 = Debug|Any CPU
		{9ECB4B06-F364-4CD8-AADE-8A24BA2CA89D}.Release|Any CPU.ActiveCfg = Release|Any CPU
		{9ECB4B06-F364-4CD8-AADE-8A24BA2CA89D}.Release|Any CPU.Build.0 = Release|Any CPU
		{544044CC-F912-49AA-B1F7-31DA61B4168A}.Debug|Any CPU.ActiveCfg = Debug|Any CPU
		{544044CC-F912-49AA-B1F7-31DA61B4168A}.Debug|Any CPU.Build.0 = Debug|Any CPU
		{544044CC-F912-49AA-B1F7-31DA61B4168A}.Release|Any CPU.ActiveCfg = Release|Any CPU
		{544044CC-F912-49AA-B1F7-31DA61B4168A}.Release|Any CPU.Build.0 = Release|Any CPU
		{CF5422F2-20E9-404C-958A-361D034D1B42}.Debug|Any CPU.ActiveCfg = Debug|Any CPU
		{CF5422F2-20E9-404C-958A-361D034D1B42}.Debug|Any CPU.Build.0 = Debug|Any CPU
		{CF5422F2-20E9-404C-958A-361D034D1B42}.Release|Any CPU.ActiveCfg = Release|Any CPU
		{CF5422F2-20E9-404C-958A-361D034D1B42}.Release|Any CPU.Build.0 = Release|Any CPU
		{685BA3C9-3B6F-4F6C-A9CD-D3A83497C8B8}.Debug|Any CPU.ActiveCfg = Debug|Any CPU
		{685BA3C9-3B6F-4F6C-A9CD-D3A83497C8B8}.Debug|Any CPU.Build.0 = Debug|Any CPU
		{685BA3C9-3B6F-4F6C-A9CD-D3A83497C8B8}.Release|Any CPU.ActiveCfg = Release|Any CPU
		{685BA3C9-3B6F-4F6C-A9CD-D3A83497C8B8}.Release|Any CPU.Build.0 = Release|Any CPU
		{195F84EF-443A-4085-85EE-CEC22272D52C}.Debug|Any CPU.ActiveCfg = Debug|Any CPU
		{195F84EF-443A-4085-85EE-CEC22272D52C}.Debug|Any CPU.Build.0 = Debug|Any CPU
		{195F84EF-443A-4085-85EE-CEC22272D52C}.Release|Any CPU.ActiveCfg = Release|Any CPU
		{195F84EF-443A-4085-85EE-CEC22272D52C}.Release|Any CPU.Build.0 = Release|Any CPU
	EndGlobalSection
	GlobalSection(SolutionProperties) = preSolution
		HideSolutionNode = FALSE
	EndGlobalSection
	GlobalSection(NestedProjects) = preSolution
		{D9783034-167E-4B4D-9D2D-569FE065308E} = {BB971088-A62C-4BA0-8F1B-3F5FFA9B5BB0}
		{25FCAF5A-0CEC-4248-B135-AC78C6C954AC} = {BB971088-A62C-4BA0-8F1B-3F5FFA9B5BB0}
		{A2B8CB03-F05A-4D2A-814D-A26B81D6C473} = {BB971088-A62C-4BA0-8F1B-3F5FFA9B5BB0}
		{AAB1799E-E6D7-4C94-A18D-CF3F6F41A35E} = {BB971088-A62C-4BA0-8F1B-3F5FFA9B5BB0}
	EndGlobalSection
	GlobalSection(ExtensibilityGlobals) = postSolution
		SolutionGuid = {2B1B8A2A-89A6-46D3-B97F-44E296B2011E}
	EndGlobalSection
EndGlobal
